// !$*UTF8*$!
{
	archiveVersion = 1;
	classes = {
	};
	objectVersion = 48;
	objects = {

/* Begin PBXBuildFile section */
		21408DAA231EA59300DB73FF /* AppDelegate.m in Sources */ = {isa = PBXBuildFile; fileRef = 21408DA9231EA59300DB73FF /* AppDelegate.m */; };
		21408DAD231EA59300DB73FF /* ViewController.m in Sources */ = {isa = PBXBuildFile; fileRef = 21408DAC231EA59300DB73FF /* ViewController.m */; };
		21408DB0231EA59300DB73FF /* Main.storyboard in Resources */ = {isa = PBXBuildFile; fileRef = 21408DAE231EA59300DB73FF /* Main.storyboard */; };
		21408DB2231EA59300DB73FF /* Assets.xcassets in Resources */ = {isa = PBXBuildFile; fileRef = 21408DB1231EA59300DB73FF /* Assets.xcassets */; };
		21408DB5231EA59300DB73FF /* LaunchScreen.storyboard in Resources */ = {isa = PBXBuildFile; fileRef = 21408DB3231EA59300DB73FF /* LaunchScreen.storyboard */; };
		21408DB8231EA59300DB73FF /* main.m in Sources */ = {isa = PBXBuildFile; fileRef = 21408DB7231EA59300DB73FF /* main.m */; };
		21408DBF231EA5F300DB73FF /* libqrencode in Resources */ = {isa = PBXBuildFile; fileRef = 21408DBE231EA5F300DB73FF /* libqrencode */; };
/* End PBXBuildFile section */

/* Begin PBXFileReference section */
		21408DA5231EA59300DB73FF /* wangbaoya.app */ = {isa = PBXFileReference; explicitFileType = wrapper.application; includeInIndex = 0; path = wangbaoya.app; sourceTree = BUILT_PRODUCTS_DIR; };
		21408DA8231EA59300DB73FF /* AppDelegate.h */ = {isa = PBXFileReference; lastKnownFileType = sourcecode.c.h; path = AppDelegate.h; sourceTree = "<group>"; };
		21408DA9231EA59300DB73FF /* AppDelegate.m */ = {isa = PBXFileReference; lastKnownFileType = sourcecode.c.objc; path = AppDelegate.m; sourceTree = "<group>"; };
		21408DAB231EA59300DB73FF /* ViewController.h */ = {isa = PBXFileReference; lastKnownFileType = sourcecode.c.h; path = ViewController.h; sourceTree = "<group>"; };
		21408DAC231EA59300DB73FF /* ViewController.m */ = {isa = PBXFileReference; lastKnownFileType = sourcecode.c.objc; path = ViewController.m; sourceTree = "<group>"; };
		21408DAF231EA59300DB73FF /* Base */ = {isa = PBXFileReference; lastKnownFileType = file.storyboard; name = Base; path = Base.lproj/Main.storyboard; sourceTree = "<group>"; };
		21408DB1231EA59300DB73FF /* Assets.xcassets */ = {isa = PBXFileReference; lastKnownFileType = folder.assetcatalog; path = Assets.xcassets; sourceTree = "<group>"; };
		21408DB4231EA59300DB73FF /* Base */ = {isa = PBXFileReference; lastKnownFileType = file.storyboard; name = Base; path = Base.lproj/LaunchScreen.storyboard; sourceTree = "<group>"; };
		21408DB6231EA59300DB73FF /* Info.plist */ = {isa = PBXFileReference; lastKnownFileType = text.plist.xml; path = Info.plist; sourceTree = "<group>"; };
		21408DB7231EA59300DB73FF /* main.m */ = {isa = PBXFileReference; lastKnownFileType = sourcecode.c.objc; path = main.m; sourceTree = "<group>"; };
		21408DBE231EA5F300DB73FF /* libqrencode */ = {isa = PBXFileReference; lastKnownFileType = folder; path = libqrencode; sourceTree = "<group>"; };
/* End PBXFileReference section */

/* Begin PBXFrameworksBuildPhase section */
		21408DA2231EA59300DB73FF /* Frameworks */ = {
			isa = PBXFrameworksBuildPhase;
			buildActionMask = 2147483647;
			files = (
			);
			runOnlyForDeploymentPostprocessing = 0;
		};
/* End PBXFrameworksBuildPhase section */

/* Begin PBXGroup section */
		21408D9C231EA59300DB73FF = {
			isa = PBXGroup;
			children = (
				21408DA7231EA59300DB73FF /* wangbaoya */,
				21408DA6231EA59300DB73FF /* Products */,
			);
			sourceTree = "<group>";
		};
		21408DA6231EA59300DB73FF /* Products */ = {
			isa = PBXGroup;
			children = (
				21408DA5231EA59300DB73FF /* wangbaoya.app */,
			);
			name = Products;
			sourceTree = "<group>";
		};
		21408DA7231EA59300DB73FF /* wangbaoya */ = {
			isa = PBXGroup;
			children = (
				21408DBE231EA5F300DB73FF /* libqrencode */,
				21408DA8231EA59300DB73FF /* AppDelegate.h */,
				21408DA9231EA59300DB73FF /* AppDelegate.m */,
				21408DAB231EA59300DB73FF /* ViewController.h */,
				21408DAC231EA59300DB73FF /* ViewController.m */,
				21408DAE231EA59300DB73FF /* Main.storyboard */,
				21408DB1231EA59300DB73FF /* Assets.xcassets */,
				21408DB3231EA59300DB73FF /* LaunchScreen.storyboard */,
				21408DB6231EA59300DB73FF /* Info.plist */,
				21408DB7231EA59300DB73FF /* main.m */,
			);
			path = wangbaoya;
			sourceTree = "<group>";
		};
/* End PBXGroup section */

/* Begin PBXNativeTarget section */
		21408DA4231EA59300DB73FF /* wangbaoya */ = {
			isa = PBXNativeTarget;
			buildConfigurationList = 21408DBB231EA59300DB73FF /* Build configuration list for PBXNativeTarget "wangbaoya" */;
			buildPhases = (
				21408DA1231EA59300DB73FF /* Sources */,
				21408DA2231EA59300DB73FF /* Frameworks */,
				21408DA3231EA59300DB73FF /* Resources */,
			);
			buildRules = (
			);
			dependencies = (
			);
			name = wangbaoya;
			productName = wangbaoya;
			productReference = 21408DA5231EA59300DB73FF /* wangbaoya.app */;
			productType = "com.apple.product-type.application";
		};
/* End PBXNativeTarget section */

/* Begin PBXProject section */
		21408D9D231EA59300DB73FF /* Project object */ = {
			isa = PBXProject;
			attributes = {
				LastUpgradeCheck = 0920;
				ORGANIZATIONNAME = wang;
				TargetAttributes = {
					21408DA4231EA59300DB73FF = {
						CreatedOnToolsVersion = 9.2;
						ProvisioningStyle = Automatic;
					};
				};
			};
			buildConfigurationList = 21408DA0231EA59300DB73FF /* Build configuration list for PBXProject "wangbaoya" */;
			compatibilityVersion = "Xcode 8.0";
			developmentRegion = en;
			hasScannedForEncodings = 0;
			knownRegions = (
				en,
				Base,
			);
			mainGroup = 21408D9C231EA59300DB73FF;
			productRefGroup = 21408DA6231EA59300DB73FF /* Products */;
			projectDirPath = "";
			projectRoot = "";
			targets = (
				21408DA4231EA59300DB73FF /* wangbaoya */,
			);
		};
/* End PBXProject section */

/* Begin PBXResourcesBuildPhase section */
		21408DA3231EA59300DB73FF /* Resources */ = {
			isa = PBXResourcesBuildPhase;
			buildActionMask = 2147483647;
			files = (
				21408DB5231EA59300DB73FF /* LaunchScreen.storyboard in Resources */,
				21408DB2231EA59300DB73FF /* Assets.xcassets in Resources */,
				21408DB0231EA59300DB73FF /* Main.storyboard in Resources */,
				21408DBF231EA5F300DB73FF /* libqrencode in Resources */,
			);
			runOnlyForDeploymentPostprocessing = 0;
		};
/* End PBXResourcesBuildPhase section */

/* Begin PBXSourcesBuildPhase section */
		21408DA1231EA59300DB73FF /* Sources */ = {
			isa = PBXSourcesBuildPhase;
			buildActionMask = 2147483647;
			files = (
				21408DAD231EA59300DB73FF /* ViewController.m in Sources */,
				21408DB8231EA59300DB73FF /* main.m in Sources */,
				21408DAA231EA59300DB73FF /* AppDelegate.m in Sources */,
			);
			runOnlyForDeploymentPostprocessing = 0;
		};
/* End PBXSourcesBuildPhase section */

/* Begin PBXVariantGroup section */
		21408DAE231EA59300DB73FF /* Main.storyboard */ = {
			isa = PBXVariantGroup;
			children = (
				21408DAF231EA59300DB73FF /* Base */,
			);
			name = Main.storyboard;
			sourceTree = "<group>";
		};
		21408DB3231EA59300DB73FF /* LaunchScreen.storyboard */ = {
			isa = PBXVariantGroup;
			children = (
				21408DB4231EA59300DB73FF /* Base */,
			);
			name = LaunchScreen.storyboard;
			sourceTree = "<group>";
		};
/* End PBXVariantGroup section */

/* Begin XCBuildConfiguration section */
		21408DB9231EA59300DB73FF /* Debug */ = {
			isa = XCBuildConfiguration;
			buildSettings = {
				ALWAYS_SEARCH_USER_PATHS = NO;
				CLANG_ANALYZER_NONNULL = YES;
				CLANG_ANALYZER_NUMBER_OBJECT_CONVERSION = YES_AGGRESSIVE;
				CLANG_CXX_LANGUAGE_STANDARD = "gnu++14";
				CLANG_CXX_LIBRARY = "libc++";
				CLANG_ENABLE_MODULES = YES;
				CLANG_ENABLE_OBJC_ARC = YES;
				CLANG_WARN_BLOCK_CAPTURE_AUTORELEASING = YES;
				CLANG_WARN_BOOL_CONVERSION = YES;
				CLANG_WARN_COMMA = YES;
				CLANG_WARN_CONSTANT_CONVERSION = YES;
				CLANG_WARN_DIRECT_OBJC_ISA_USAGE = YES_ERROR;
				CLANG_WARN_DOCUMENTATION_COMMENTS = YES;
				CLANG_WARN_EMPTY_BODY = YES;
				CLANG_WARN_ENUM_CONVERSION = YES;
				CLANG_WARN_INFINITE_RECURSION = YES;
				CLANG_WARN_INT_CONVERSION = YES;
				CLANG_WARN_NON_LITERAL_NULL_CONVERSION = YES;
				CLANG_WARN_OBJC_LITERAL_CONVERSION = YES;
				CLANG_WARN_OBJC_ROOT_CLASS = YES_ERROR;
				CLANG_WARN_RANGE_LOOP_ANALYSIS = YES;
				CLANG_WARN_STRICT_PROTOTYPES = YES;
				CLANG_WARN_SUSPICIOUS_MOVE = YES;
				CLANG_WARN_UNGUARDED_AVAILABILITY = YES_AGGRESSIVE;
				CLANG_WARN_UNREACHABLE_CODE = YES;
				CLANG_WARN__DUPLICATE_METHOD_MATCH = YES;
				CODE_SIGN_IDENTITY = "iPhone Developer";
				COPY_PHASE_STRIP = NO;
				DEBUG_INFORMATION_FORMAT = dwarf;
				ENABLE_STRICT_OBJC_MSGSEND = YES;
				ENABLE_TESTABILITY = YES;
				GCC_C_LANGUAGE_STANDARD = gnu11;
				GCC_DYNAMIC_NO_PIC = NO;
				GCC_NO_COMMON_BLOCKS = YES;
				GCC_OPTIMIZATION_LEVEL = 0;
				GCC_PREPROCESSOR_DEFINITIONS = (
					"DEBUG=1",
					"$(inherited)",
				);
				GCC_WARN_64_TO_32_BIT_CONVERSION = YES;
				GCC_WARN_ABOUT_RETURN_TYPE = YES_ERROR;
				GCC_WARN_UNDECLARED_SELECTOR = YES;
				GCC_WARN_UNINITIALIZED_AUTOS = YES_AGGRESSIVE;
				GCC_WARN_UNUSED_FUNCTION = YES;
				GCC_WARN_UNUSED_VARIABLE = YES;
				IPHONEOS_DEPLOYMENT_TARGET = 11.2;
				MTL_ENABLE_DEBUG_INFO = YES;
				ONLY_ACTIVE_ARCH = YES;
				SDKROOT = iphoneos;
			};
			name = Debug;
		};
		21408DBA231EA59300DB73FF /* Release */ = {
			isa = XCBuildConfiguration;
			buildSettings = {
				ALWAYS_SEARCH_USER_PATHS = NO;
				CLANG_ANALYZER_NONNULL = YES;
				CLANG_ANALYZER_NUMBER_OBJECT_CONVERSION = YES_AGGRESSIVE;
				CLANG_CXX_LANGUAGE_STANDARD = "gnu++14";
				CLANG_CXX_LIBRARY = "libc++";
				CLANG_ENABLE_MODULES = YES;
				CLANG_ENABLE_OBJC_ARC = YES;
				CLANG_WARN_BLOCK_CAPTURE_AUTORELEASING = YES;
				CLANG_WARN_BOOL_CONVERSION = YES;
				CLANG_WARN_COMMA = YES;
				CLANG_WARN_CONSTANT_CONVERSION = YES;
				CLANG_WARN_DIRECT_OBJC_ISA_USAGE = YES_ERROR;
				CLANG_WARN_DOCUMENTATION_COMMENTS = YES;
				CLANG_WARN_EMPTY_BODY = YES;
				CLANG_WARN_ENUM_CONVERSION = YES;
				CLANG_WARN_INFINITE_RECURSION = YES;
				CLANG_WARN_INT_CONVERSION = YES;
				CLANG_WARN_NON_LITERAL_NULL_CONVERSION = YES;
				CLANG_WARN_OBJC_LITERAL_CONVERSION = YES;
				CLANG_WARN_OBJC_ROOT_CLASS = YES_ERROR;
				CLANG_WARN_RANGE_LOOP_ANALYSIS = YES;
				CLANG_WARN_STRICT_PROTOTYPES = YES;
				CLANG_WARN_SUSPICIOUS_MOVE = YES;
				CLANG_WARN_UNGUARDED_AVAILABILITY = YES_AGGRESSIVE;
				CLANG_WARN_UNREACHABLE_CODE = YES;
				CLANG_WARN__DUPLICATE_METHOD_MATCH = YES;
				CODE_SIGN_IDENTITY = "iPhone Developer";
				COPY_PHASE_STRIP = NO;
				DEBUG_INFORMATION_FORMAT = "dwarf-with-dsym";
				ENABLE_NS_ASSERTIONS = NO;
				ENABLE_STRICT_OBJC_MSGSEND = YES;
				GCC_C_LANGUAGE_STANDARD = gnu11;
				GCC_NO_COMMON_BLOCKS = YES;
				GCC_WARN_64_TO_32_BIT_CONVERSION = YES;
				GCC_WARN_ABOUT_RETURN_TYPE = YES_ERROR;
				GCC_WARN_UNDECLARED_SELECTOR = YES;
				GCC_WARN_UNINITIALIZED_AUTOS = YES_AGGRESSIVE;
				GCC_WARN_UNUSED_FUNCTION = YES;
				GCC_WARN_UNUSED_VARIABLE = YES;
				IPHONEOS_DEPLOYMENT_TARGET = 11.2;
				MTL_ENABLE_DEBUG_INFO = NO;
				SDKROOT = iphoneos;
				VALIDATE_PRODUCT = YES;
			};
			name = Release;
		};
		21408DBC231EA59300DB73FF /* Debug */ = {
			isa = XCBuildConfiguration;
			buildSettings = {
				ASSETCATALOG_COMPILER_APPICON_NAME = AppIcon;
				CODE_SIGN_STYLE = Automatic;
				DEVELOPMENT_TEAM = F92VMF6A32;
				INFOPLIST_FILE = wangbaoya/Info.plist;
				IPHONEOS_DEPLOYMENT_TARGET = 9.0;
				LD_RUNPATH_SEARCH_PATHS = "$(inherited) @executable_path/Frameworks";
				PRODUCT_BUNDLE_IDENTIFIER = wyqwjr.wangbaoya;
				PRODUCT_NAME = "$(TARGET_NAME)";
				TARGETED_DEVICE_FAMILY = "1,2";
			};
			name = Debug;
		};
		21408DBD231EA59300DB73FF /* Release */ = {
			isa = XCBuildConfiguration;
			buildSettings = {
				ASSETCATALOG_COMPILER_APPICON_NAME = AppIcon;
				CODE_SIGN_STYLE = Automatic;
				DEVELOPMENT_TEAM = F92VMF6A32;
				INFOPLIST_FILE = wangbaoya/Info.plist;
				IPHONEOS_DEPLOYMENT_TARGET = 9.0;
				LD_RUNPATH_SEARCH_PATHS = "$(inherited) @executable_path/Frameworks";
				PRODUCT_BUNDLE_IDENTIFIER = wyqwjr.wangbaoya;
				PRODUCT_NAME = "$(TARGET_NAME)";
				TARGETED_DEVICE_FAMILY = "1,2";
			};
			name = Release;
		};
/* End XCBuildConfiguration section */

/* Begin XCConfigurationList section */
		21408DA0231EA59300DB73FF /* Build configuration list for PBXProject "wangbaoya" */ = {
			isa = XCConfigurationList;
			buildConfigurations = (
				21408DB9231EA59300DB73FF /* Debug */,
				21408DBA231EA59300DB73FF /* Release */,
			);
			defaultConfigurationIsVisible = 0;
			defaultConfigurationName = Release;
		};
		21408DBB231EA59300DB73FF /* Build configuration list for PBXNativeTarget "wangbaoya" */ = {
			isa = XCConfigurationList;
			buildConfigurations = (
				21408DBC231EA59300DB73FF /* Debug */,
				21408DBD231EA59300DB73FF /* Release */,
			);
			defaultConfigurationIsVisible = 0;
			defaultConfigurationName = Release;
		};
/* End XCConfigurationList section */
	};
	rootObject = 21408D9D231EA59300DB73FF /* Project object */;
}
